{
  "nodes": {
    "base16-schemes": {
      "flake": false,
      "locked": {
        "lastModified": 1665690101,
        "narHash": "sha256-J2ZvNaVFkqaTXzYO5L+jyRORfIOavFPKvWItP6UTMKs=",
        "owner": "tinted-theming",
        "repo": "base16-schemes",
        "rev": "a3dc916cf90471a422c0bfe1bb4b1bdd12185ced",
        "type": "github"
      },
      "original": {
        "owner": "tinted-theming",
        "repo": "base16-schemes",
        "type": "github"
      }
    },
    "deploy-rs": {
      "inputs": {
        "flake-compat": "flake-compat",
        "nixpkgs": [
          "nixpkgs"
        ],
        "utils": "utils"
      },
      "locked": {
        "lastModified": 1674127017,
        "narHash": "sha256-QO1xF7stu5ZMDLbHN30LFolMAwY6TVlzYvQoUs1RD68=",
        "owner": "serokell",
        "repo": "deploy-rs",
        "rev": "8c9ea9605eed20528bf60fae35a2b613b901fd77",
        "type": "github"
      },
      "original": {
        "owner": "serokell",
        "repo": "deploy-rs",
        "type": "github"
      }
    },
    "flake-compat": {
      "flake": false,
      "locked": {
        "lastModified": 1668681692,
        "narHash": "sha256-Ht91NGdewz8IQLtWZ9LCeNXMSXHUss+9COoqu6JLmXU=",
        "owner": "edolstra",
        "repo": "flake-compat",
        "rev": "009399224d5e398d03b22badca40a37ac85412a1",
        "type": "github"
      },
      "original": {
        "owner": "edolstra",
        "repo": "flake-compat",
        "type": "github"
      }
    },
    "home-manager": {
      "inputs": {
        "nixpkgs": [
          "nixpkgs"
        ],
        "utils": "utils_2"
      },
      "locked": {
        "lastModified": 1679067101,
        "narHash": "sha256-tMI1inGT9u4KWQml0w30dhWqQPlth1e9K/68sfDkEQA=",
        "owner": "nix-community",
        "repo": "home-manager",
        "rev": "9154cd519a8942728038819682d6b3ff33f321bb",
        "type": "github"
      },
      "original": {
        "owner": "nix-community",
        "ref": "release-22.11",
        "repo": "home-manager",
        "type": "github"
      }
    },
    "nix-colors": {
      "inputs": {
        "base16-schemes": "base16-schemes",
        "nixpkgs-lib": "nixpkgs-lib"
      },
      "locked": {
        "lastModified": 1672236234,
        "narHash": "sha256-dpBIuxcDEvJbLD8fTipE0A0JbQD1lZB94zYFPoh01PI=",
        "owner": "misterio77",
        "repo": "nix-colors",
        "rev": "7e459f1d88ac54fc2f4b308adb5064863006e4b1",
        "type": "github"
      },
      "original": {
        "owner": "misterio77",
        "repo": "nix-colors",
        "type": "github"
      }
    },
    "nixos-hardware": {
      "locked": {
        "lastModified": 1679598117,
        "narHash": "sha256-Vs1f/7imI77OkMOQhO3xgx4jalN2Gx3D3C2wmnlpWJM=",
        "owner": "NixOS",
        "repo": "nixos-hardware",
        "rev": "648021dcb2b65498eed3ea3a7339cdfc3bea4d82",
        "type": "github"
      },
      "original": {
        "owner": "NixOS",
        "ref": "master",
        "repo": "nixos-hardware",
        "type": "github"
      }
    },
    "nixpkgs": {
      "locked": {
        "lastModified": 1679472241,
        "narHash": "sha256-VK2YDic2NjPvfsuneJCLIrWS38qUfoW8rLLimx0rWXA=",
        "owner": "nixos",
        "repo": "nixpkgs",
        "rev": "9ef6e7727f4c31507627815d4f8679c5841efb00",
        "type": "github"
      },
      "original": {
        "owner": "nixos",
        "ref": "nixos-22.11",
        "repo": "nixpkgs",
        "type": "github"
      }
    },
    "nixpkgs-lib": {
      "locked": {
        "lastModified": 1655599917,
        "narHash": "sha256-kjZbt5WdTrnjMxL79okg9TCoRUdADG50x/TWozbyTsE=",
        "owner": "nix-community",
        "repo": "nixpkgs.lib",
        "rev": "5fb55578aa2f1a502d636a8ac71aece57cb730bb",
        "type": "github"
      },
      "original": {
        "owner": "nix-community",
        "repo": "nixpkgs.lib",
        "type": "github"
      }
    },
    "nixpkgs-master": {
      "locked": {
        "lastModified": 1679691714,
        "narHash": "sha256-zaHxqBPdkw7MjjsSYgngLjBxFgWeESVevdH7js2VE6U=",
        "owner": "NixOS",
        "repo": "nixpkgs",
        "rev": "2e4e45290e8a0e178642ae2414de558ecca0041a",
        "type": "github"
      },
      "original": {
        "owner": "NixOS",
        "ref": "master",
        "repo": "nixpkgs",
        "type": "github"
      }
    },
    "nixpkgs-stable": {
      "locked": {
        "lastModified": 1679163677,
        "narHash": "sha256-VC0tc3EjJZFPXgucFQAYMIHce5nJWYR0kVCk4TVg6gg=",
        "owner": "NixOS",
        "repo": "nixpkgs",
        "rev": "c3912035d00ef755ab19394488b41feab95d2e40",
        "type": "github"
      },
      "original": {
        "owner": "NixOS",
        "ref": "release-22.11",
        "repo": "nixpkgs",
        "type": "github"
      }
    },
    "nixpkgs-unstable": {
      "locked": {
        "lastModified": 1679437018,
        "narHash": "sha256-vOuiDPLHSEo/7NkiWtxpHpHgoXoNmrm+wkXZ6a072Fc=",
        "owner": "NixOS",
        "repo": "nixpkgs",
        "rev": "19cf008bb18e47b6e3b4e16e32a9a4bdd4b45f7e",
        "type": "github"
      },
      "original": {
        "owner": "NixOS",
        "ref": "nixos-unstable",
        "repo": "nixpkgs",
        "type": "github"
      }
    },
    "root": {
      "inputs": {
        "deploy-rs": "deploy-rs",
        "home-manager": "home-manager",
        "nix-colors": "nix-colors",
        "nixos-hardware": "nixos-hardware",
        "nixpkgs": "nixpkgs",
        "nixpkgs-master": "nixpkgs-master",
        "nixpkgs-unstable": "nixpkgs-unstable",
        "sops-nix": "sops-nix"
      }
    },
    "sops-nix": {
      "inputs": {
        "nixpkgs": [
          "nixpkgs"
        ],
        "nixpkgs-stable": "nixpkgs-stable"
      },
      "locked": {
        "lastModified": 1679377997,
        "narHash": "sha256-O8rmc/b/qgNgoHj2tL5+3Ovkj7A+Sok7gazRoWbpnqg=",
        "owner": "Mic92",
        "repo": "sops-nix",
        "rev": "d8827a8368c307fbc6ed594c9a31d619e7360bed",
        "type": "github"
      },
      "original": {
        "owner": "Mic92",
        "repo": "sops-nix",
        "type": "github"
      }
    },
    "utils": {
      "locked": {
        "lastModified": 1667395993,
        "narHash": "sha256-nuEHfE/LcWyuSWnS8t12N1wc105Qtau+/OdUAjtQ0rA=",
        "owner": "numtide",
        "repo": "flake-utils",
        "rev": "5aed5285a952e0b949eb3ba02c12fa4fcfef535f",
        "type": "github"
      },
      "original": {
        "owner": "numtide",
        "repo": "flake-utils",
        "type": "github"
      }
    },
    "utils_2": {
      "locked": {
        "lastModified": 1667395993,
        "narHash": "sha256-nuEHfE/LcWyuSWnS8t12N1wc105Qtau+/OdUAjtQ0rA=",
        "owner": "numtide",
        "repo": "flake-utils",
        "rev": "5aed5285a952e0b949eb3ba02c12fa4fcfef535f",
        "type": "github"
      },
      "original": {
        "owner": "numtide",
        "repo": "flake-utils",
        "type": "github"
      }
    }
  },
  "root": "root",
  "version": 7
}
